// !$*UTF8*$!
{
	archiveVersion = 1;
	classes = {
	};
	objectVersion = 50;
	objects = {

/* Begin PBXBuildFile section */
		34ED609924AA54E800FCA62C /* AppDelegate.swift in Sources */ = {isa = PBXBuildFile; fileRef = 34ED609824AA54E800FCA62C /* AppDelegate.swift */; };
		34ED609B24AA54E800FCA62C /* SceneDelegate.swift in Sources */ = {isa = PBXBuildFile; fileRef = 34ED609A24AA54E800FCA62C /* SceneDelegate.swift */; };
		34ED609D24AA54E800FCA62C /* ViewController.swift in Sources */ = {isa = PBXBuildFile; fileRef = 34ED609C24AA54E800FCA62C /* ViewController.swift */; };
		34ED60A024AA54E800FCA62C /* Main.storyboard in Resources */ = {isa = PBXBuildFile; fileRef = 34ED609E24AA54E800FCA62C /* Main.storyboard */; };
		34ED60A224AA54EA00FCA62C /* Assets.xcassets in Resources */ = {isa = PBXBuildFile; fileRef = 34ED60A124AA54EA00FCA62C /* Assets.xcassets */; };
		34ED60A524AA54EA00FCA62C /* LaunchScreen.storyboard in Resources */ = {isa = PBXBuildFile; fileRef = 34ED60A324AA54EA00FCA62C /* LaunchScreen.storyboard */; };
		34ED60B024AA54EA00FCA62C /* I_Am_RichTests.swift in Sources */ = {isa = PBXBuildFile; fileRef = 34ED60AF24AA54EA00FCA62C /* I_Am_RichTests.swift */; };
		34ED60BB24AA54EA00FCA62C /* I_Am_RichUITests.swift in Sources */ = {isa = PBXBuildFile; fileRef = 34ED60BA24AA54EA00FCA62C /* I_Am_RichUITests.swift */; };
/* End PBXBuildFile section */

/* Begin PBXContainerItemProxy section */
		34ED60AC24AA54EA00FCA62C /* PBXContainerItemProxy */ = {
			isa = PBXContainerItemProxy;
			containerPortal = 34ED608D24AA54E800FCA62C /* Project object */;
			proxyType = 1;
			remoteGlobalIDString = 34ED609424AA54E800FCA62C;
			remoteInfo = "I Am Rich";
		};
		34ED60B724AA54EA00FCA62C /* PBXContainerItemProxy */ = {
			isa = PBXContainerItemProxy;
			containerPortal = 34ED608D24AA54E800FCA62C /* Project object */;
			proxyType = 1;
			remoteGlobalIDString = 34ED609424AA54E800FCA62C;
			remoteInfo = "I Am Rich";
		};
/* End PBXContainerItemProxy section */

/* Begin PBXFileReference section */
		34ED609524AA54E800FCA62C /* I Am Rich.app */ = {isa = PBXFileReference; explicitFileType = wrapper.application; includeInIndex = 0; path = "I Am Rich.app"; sourceTree = BUILT_PRODUCTS_DIR; };
		34ED609824AA54E800FCA62C /* AppDelegate.swift */ = {isa = PBXFileReference; lastKnownFileType = sourcecode.swift; path = AppDelegate.swift; sourceTree = "<group>"; };
		34ED609A24AA54E800FCA62C /* SceneDelegate.swift */ = {isa = PBXFileReference; lastKnownFileType = sourcecode.swift; path = SceneDelegate.swift; sourceTree = "<group>"; };
		34ED609C24AA54E800FCA62C /* ViewController.swift */ = {isa = PBXFileReference; lastKnownFileType = sourcecode.swift; path = ViewController.swift; sourceTree = "<group>"; };
		34ED609F24AA54E800FCA62C /* Base */ = {isa = PBXFileReference; lastKnownFileType = file.storyboard; name = Base; path = Base.lproj/Main.storyboard; sourceTree = "<group>"; };
		34ED60A124AA54EA00FCA62C /* Assets.xcassets */ = {isa = PBXFileReference; lastKnownFileType = folder.assetcatalog; path = Assets.xcassets; sourceTree = "<group>"; };
		34ED60A424AA54EA00FCA62C /* Base */ = {isa = PBXFileReference; lastKnownFileType = file.storyboard; name = Base; path = Base.lproj/LaunchScreen.storyboard; sourceTree = "<group>"; };
		34ED60A624AA54EA00FCA62C /* Info.plist */ = {isa = PBXFileReference; lastKnownFileType = text.plist.xml; path = Info.plist; sourceTree = "<group>"; };
		34ED60AB24AA54EA00FCA62C /* I Am RichTests.xctest */ = {isa = PBXFileReference; explicitFileType = wrapper.cfbundle; includeInIndex = 0; path = "I Am RichTests.xctest"; sourceTree = BUILT_PRODUCTS_DIR; };
		34ED60AF24AA54EA00FCA62C /* I_Am_RichTests.swift */ = {isa = PBXFileReference; lastKnownFileType = sourcecode.swift; path = I_Am_RichTests.swift; sourceTree = "<group>"; };
		34ED60B124AA54EA00FCA62C /* Info.plist */ = {isa = PBXFileReference; lastKnownFileType = text.plist.xml; path = Info.plist; sourceTree = "<group>"; };
		34ED60B624AA54EA00FCA62C /* I Am RichUITests.xctest */ = {isa = PBXFileReference; explicitFileType = wrapper.cfbundle; includeInIndex = 0; path = "I Am RichUITests.xctest"; sourceTree = BUILT_PRODUCTS_DIR; };
		34ED60BA24AA54EA00FCA62C /* I_Am_RichUITests.swift */ = {isa = PBXFileReference; lastKnownFileType = sourcecode.swift; path = I_Am_RichUITests.swift; sourceTree = "<group>"; };
		34ED60BC24AA54EA00FCA62C /* Info.plist */ = {isa = PBXFileReference; lastKnownFileType = text.plist.xml; path = Info.plist; sourceTree = "<group>"; };
/* End PBXFileReference section */

/* Begin PBXFrameworksBuildPhase section */
		34ED609224AA54E800FCA62C /* Frameworks */ = {
			isa = PBXFrameworksBuildPhase;
			buildActionMask = 2147483647;
			files = (
			);
			runOnlyForDeploymentPostprocessing = 0;
		};
		34ED60A824AA54EA00FCA62C /* Frameworks */ = {
			isa = PBXFrameworksBuildPhase;
			buildActionMask = 2147483647;
			files = (
			);
			runOnlyForDeploymentPostprocessing = 0;
		};
		34ED60B324AA54EA00FCA62C /* Frameworks */ = {
			isa = PBXFrameworksBuildPhase;
			buildActionMask = 2147483647;
			files = (
			);
			runOnlyForDeploymentPostprocessing = 0;
		};
/* End PBXFrameworksBuildPhase section */

/* Begin PBXGroup section */
		34ED608C24AA54E800FCA62C = {
			isa = PBXGroup;
			children = (
				34ED609724AA54E800FCA62C /* I Am Rich */,
				34ED60AE24AA54EA00FCA62C /* I Am RichTests */,
				34ED60B924AA54EA00FCA62C /* I Am RichUITests */,
				34ED609624AA54E800FCA62C /* Products */,
			);
			sourceTree = "<group>";
		};
		34ED609624AA54E800FCA62C /* Products */ = {
			isa = PBXGroup;
			children = (
				34ED609524AA54E800FCA62C /* I Am Rich.app */,
				34ED60AB24AA54EA00FCA62C /* I Am RichTests.xctest */,
				34ED60B624AA54EA00FCA62C /* I Am RichUITests.xctest */,
			);
			name = Products;
			sourceTree = "<group>";
		};
		34ED609724AA54E800FCA62C /* I Am Rich */ = {
			isa = PBXGroup;
			children = (
				34ED609824AA54E800FCA62C /* AppDelegate.swift */,
				34ED609A24AA54E800FCA62C /* SceneDelegate.swift */,
				34ED609C24AA54E800FCA62C /* ViewController.swift */,
				34ED609E24AA54E800FCA62C /* Main.storyboard */,
				34ED60A124AA54EA00FCA62C /* Assets.xcassets */,
				34ED60A324AA54EA00FCA62C /* LaunchScreen.storyboard */,
				34ED60A624AA54EA00FCA62C /* Info.plist */,
			);
			path = "I Am Rich";
			sourceTree = "<group>";
		};
		34ED60AE24AA54EA00FCA62C /* I Am RichTests */ = {
			isa = PBXGroup;
			children = (
				34ED60AF24AA54EA00FCA62C /* I_Am_RichTests.swift */,
				34ED60B124AA54EA00FCA62C /* Info.plist */,
			);
			path = "I Am RichTests";
			sourceTree = "<group>";
		};
		34ED60B924AA54EA00FCA62C /* I Am RichUITests */ = {
			isa = PBXGroup;
			children = (
				34ED60BA24AA54EA00FCA62C /* I_Am_RichUITests.swift */,
				34ED60BC24AA54EA00FCA62C /* Info.plist */,
			);
			path = "I Am RichUITests";
			sourceTree = "<group>";
		};
/* End PBXGroup section */

/* Begin PBXNativeTarget section */
		34ED609424AA54E800FCA62C /* I Am Rich */ = {
			isa = PBXNativeTarget;
			buildConfigurationList = 34ED60BF24AA54EA00FCA62C /* Build configuration list for PBXNativeTarget "I Am Rich" */;
			buildPhases = (
				34ED609124AA54E800FCA62C /* Sources */,
				34ED609224AA54E800FCA62C /* Frameworks */,
				34ED609324AA54E800FCA62C /* Resources */,
			);
			buildRules = (
			);
			dependencies = (
			);
			name = "I Am Rich";
			productName = "I Am Rich";
			productReference = 34ED609524AA54E800FCA62C /* I Am Rich.app */;
			productType = "com.apple.product-type.application";
		};
		34ED60AA24AA54EA00FCA62C /* I Am RichTests */ = {
			isa = PBXNativeTarget;
			buildConfigurationList = 34ED60C224AA54EA00FCA62C /* Build configuration list for PBXNativeTarget "I Am RichTests" */;
			buildPhases = (
				34ED60A724AA54EA00FCA62C /* Sources */,
				34ED60A824AA54EA00FCA62C /* Frameworks */,
				34ED60A924AA54EA00FCA62C /* Resources */,
			);
			buildRules = (
			);
			dependencies = (
				34ED60AD24AA54EA00FCA62C /* PBXTargetDependency */,
			);
			name = "I Am RichTests";
			productName = "I Am RichTests";
			productReference = 34ED60AB24AA54EA00FCA62C /* I Am RichTests.xctest */;
			productType = "com.apple.product-type.bundle.unit-test";
		};
		34ED60B524AA54EA00FCA62C /* I Am RichUITests */ = {
			isa = PBXNativeTarget;
			buildConfigurationList = 34ED60C524AA54EA00FCA62C /* Build configuration list for PBXNativeTarget "I Am RichUITests" */;
			buildPhases = (
				34ED60B224AA54EA00FCA62C /* Sources */,
				34ED60B324AA54EA00FCA62C /* Frameworks */,
				34ED60B424AA54EA00FCA62C /* Resources */,
			);
			buildRules = (
			);
			dependencies = (
				34ED60B824AA54EA00FCA62C /* PBXTargetDependency */,
			);
			name = "I Am RichUITests";
			productName = "I Am RichUITests";
			productReference = 34ED60B624AA54EA00FCA62C /* I Am RichUITests.xctest */;
			productType = "com.apple.product-type.bundle.ui-testing";
		};
/* End PBXNativeTarget section */

/* Begin PBXProject section */
		34ED608D24AA54E800FCA62C /* Project object */ = {
			isa = PBXProject;
			attributes = {
				LastSwiftUpdateCheck = 1150;
				LastUpgradeCheck = 1150;
				ORGANIZATIONNAME = "Doris Zhou";
				TargetAttributes = {
					34ED609424AA54E800FCA62C = {
						CreatedOnToolsVersion = 11.5;
					};
					34ED60AA24AA54EA00FCA62C = {
						CreatedOnToolsVersion = 11.5;
						TestTargetID = 34ED609424AA54E800FCA62C;
					};
					34ED60B524AA54EA00FCA62C = {
						CreatedOnToolsVersion = 11.5;
						TestTargetID = 34ED609424AA54E800FCA62C;
					};
				};
			};
			buildConfigurationList = 34ED609024AA54E800FCA62C /* Build configuration list for PBXProject "I Am Rich" */;
			compatibilityVersion = "Xcode 9.3";
			developmentRegion = en;
			hasScannedForEncodings = 0;
			knownRegions = (
				en,
				Base,
			);
			mainGroup = 34ED608C24AA54E800FCA62C;
			productRefGroup = 34ED609624AA54E800FCA62C /* Products */;
			projectDirPath = "";
			projectRoot = "";
			targets = (
				34ED609424AA54E800FCA62C /* I Am Rich */,
				34ED60AA24AA54EA00FCA62C /* I Am RichTests */,
				34ED60B524AA54EA00FCA62C /* I Am RichUITests */,
			);
		};
/* End PBXProject section */

/* Begin PBXResourcesBuildPhase section */
		34ED609324AA54E800FCA62C /* Resources */ = {
			isa = PBXResourcesBuildPhase;
			buildActionMask = 2147483647;
			files = (
				34ED60A524AA54EA00FCA62C /* LaunchScreen.storyboard in Resources */,
				34ED60A224AA54EA00FCA62C /* Assets.xcassets in Resources */,
				34ED60A024AA54E800FCA62C /* Main.storyboard in Resources */,
			);
			runOnlyForDeploymentPostprocessing = 0;
		};
		34ED60A924AA54EA00FCA62C /* Resources */ = {
			isa = PBXResourcesBuildPhase;
			buildActionMask = 2147483647;
			files = (
			);
			runOnlyForDeploymentPostprocessing = 0;
		};
		34ED60B424AA54EA00FCA62C /* Resources */ = {
			isa = PBXResourcesBuildPhase;
			buildActionMask = 2147483647;
			files = (
			);
			runOnlyForDeploymentPostprocessing = 0;
		};
/* End PBXResourcesBuildPhase section */

/* Begin PBXSourcesBuildPhase section */
		34ED609124AA54E800FCA62C /* Sources */ = {
			isa = PBXSourcesBuildPhase;
			buildActionMask = 2147483647;
			files = (
				34ED609D24AA54E800FCA62C /* ViewController.swift in Sources */,
				34ED609924AA54E800FCA62C /* AppDelegate.swift in Sources */,
				34ED609B24AA54E800FCA62C /* SceneDelegate.swift in Sources */,
			);
			runOnlyForDeploymentPostprocessing = 0;
		};
		34ED60A724AA54EA00FCA62C /* Sources */ = {
			isa = PBXSourcesBuildPhase;
			buildActionMask = 2147483647;
			files = (
				34ED60B024AA54EA00FCA62C /* I_Am_RichTests.swift in Sources */,
			);
			runOnlyForDeploymentPostprocessing = 0;
		};
		34ED60B224AA54EA00FCA62C /* Sources */ = {
			isa = PBXSourcesBuildPhase;
			buildActionMask = 2147483647;
			files = (
				34ED60BB24AA54EA00FCA62C /* I_Am_RichUITests.swift in Sources */,
			);
			runOnlyForDeploymentPostprocessing = 0;
		};
/* End PBXSourcesBuildPhase section */

/* Begin PBXTargetDependency section */
		34ED60AD24AA54EA00FCA62C /* PBXTargetDependency */ = {
			isa = PBXTargetDependency;
			target = 34ED609424AA54E800FCA62C /* I Am Rich */;
			targetProxy = 34ED60AC24AA54EA00FCA62C /* PBXContainerItemProxy */;
		};
		34ED60B824AA54EA00FCA62C /* PBXTargetDependency */ = {
			isa = PBXTargetDependency;
			target = 34ED609424AA54E800FCA62C /* I Am Rich */;
			targetProxy = 34ED60B724AA54EA00FCA62C /* PBXContainerItemProxy */;
		};
/* End PBXTargetDependency section */

/* Begin PBXVariantGroup section */
		34ED609E24AA54E800FCA62C /* Main.storyboard */ = {
			isa = PBXVariantGroup;
			children = (
				34ED609F24AA54E800FCA62C /* Base */,
			);
			name = Main.storyboard;
			sourceTree = "<group>";
		};
		34ED60A324AA54EA00FCA62C /* LaunchScreen.storyboard */ = {
			isa = PBXVariantGroup;
			children = (
				34ED60A424AA54EA00FCA62C /* Base */,
			);
			name = LaunchScreen.storyboard;
			sourceTree = "<group>";
		};
/* End PBXVariantGroup section */

/* Begin XCBuildConfiguration section */
		34ED60BD24AA54EA00FCA62C /* Debug */ = {
			isa = XCBuildConfiguration;
			buildSettings = {
				ALWAYS_SEARCH_USER_PATHS = NO;
				CLANG_ANALYZER_NONNULL = YES;
				CLANG_ANALYZER_NUMBER_OBJECT_CONVERSION = YES_AGGRESSIVE;
				CLANG_CXX_LANGUAGE_STANDARD = "gnu++14";
				CLANG_CXX_LIBRARY = "libc++";
				CLANG_ENABLE_MODULES = YES;
				CLANG_ENABLE_OBJC_ARC = YES;
				CLANG_ENABLE_OBJC_WEAK = YES;
				CLANG_WARN_BLOCK_CAPTURE_AUTORELEASING = YES;
				CLANG_WARN_BOOL_CONVERSION = YES;
				CLANG_WARN_COMMA = YES;
				CLANG_WARN_CONSTANT_CONVERSION = YES;
				CLANG_WARN_DEPRECATED_OBJC_IMPLEMENTATIONS = YES;
				CLANG_WARN_DIRECT_OBJC_ISA_USAGE = YES_ERROR;
				CLANG_WARN_DOCUMENTATION_COMMENTS = YES;
				CLANG_WARN_EMPTY_BODY = YES;
				CLANG_WARN_ENUM_CONVERSION = YES;
				CLANG_WARN_INFINITE_RECURSION = YES;
				CLANG_WARN_INT_CONVERSION = YES;
				CLANG_WARN_NON_LITERAL_NULL_CONVERSION = YES;
				CLANG_WARN_OBJC_IMPLICIT_RETAIN_SELF = YES;
				CLANG_WARN_OBJC_LITERAL_CONVERSION = YES;
				CLANG_WARN_OBJC_ROOT_CLASS = YES_ERROR;
				CLANG_WARN_RANGE_LOOP_ANALYSIS = YES;
				CLANG_WARN_STRICT_PROTOTYPES = YES;
				CLANG_WARN_SUSPICIOUS_MOVE = YES;
				CLANG_WARN_UNGUARDED_AVAILABILITY = YES_AGGRESSIVE;
				CLANG_WARN_UNREACHABLE_CODE = YES;
				CLANG_WARN__DUPLICATE_METHOD_MATCH = YES;
				COPY_PHASE_STRIP = NO;
				DEBUG_INFORMATION_FORMAT = dwarf;
				ENABLE_STRICT_OBJC_MSGSEND = YES;
				ENABLE_TESTABILITY = YES;
				GCC_C_LANGUAGE_STANDARD = gnu11;
				GCC_DYNAMIC_NO_PIC = NO;
				GCC_NO_COMMON_BLOCKS = YES;
				GCC_OPTIMIZATION_LEVEL = 0;
				GCC_PREPROCESSOR_DEFINITIONS = (
					"DEBUG=1",
					"$(inherited)",
				);
				GCC_WARN_64_TO_32_BIT_CONVERSION = YES;
				GCC_WARN_ABOUT_RETURN_TYPE = YES_ERROR;
				GCC_WARN_UNDECLARED_SELECTOR = YES;
				GCC_WARN_UNINITIALIZED_AUTOS = YES_AGGRESSIVE;
				GCC_WARN_UNUSED_FUNCTION = YES;
				GCC_WARN_UNUSED_VARIABLE = YES;
				IPHONEOS_DEPLOYMENT_TARGET = 13.5;
				MTL_ENABLE_DEBUG_INFO = INCLUDE_SOURCE;
				MTL_FAST_MATH = YES;
				ONLY_ACTIVE_ARCH = YES;
				SDKROOT = iphoneos;
				SWIFT_ACTIVE_COMPILATION_CONDITIONS = DEBUG;
				SWIFT_OPTIMIZATION_LEVEL = "-Onone";
			};
			name = Debug;
		};
		34ED60BE24AA54EA00FCA62C /* Release */ = {
			isa = XCBuildConfiguration;
			buildSettings = {
				ALWAYS_SEARCH_USER_PATHS = NO;
				CLANG_ANALYZER_NONNULL = YES;
				CLANG_ANALYZER_NUMBER_OBJECT_CONVERSION = YES_AGGRESSIVE;
				CLANG_CXX_LANGUAGE_STANDARD = "gnu++14";
				CLANG_CXX_LIBRARY = "libc++";
				CLANG_ENABLE_MODULES = YES;
				CLANG_ENABLE_OBJC_ARC = YES;
				CLANG_ENABLE_OBJC_WEAK = YES;
				CLANG_WARN_BLOCK_CAPTURE_AUTORELEASING = YES;
				CLANG_WARN_BOOL_CONVERSION = YES;
				CLANG_WARN_COMMA = YES;
				CLANG_WARN_CONSTANT_CONVERSION = YES;
				CLANG_WARN_DEPRECATED_OBJC_IMPLEMENTATIONS = YES;
				CLANG_WARN_DIRECT_OBJC_ISA_USAGE = YES_ERROR;
				CLANG_WARN_DOCUMENTATION_COMMENTS = YES;
				CLANG_WARN_EMPTY_BODY = YES;
				CLANG_WARN_ENUM_CONVERSION = YES;
				CLANG_WARN_INFINITE_RECURSION = YES;
				CLANG_WARN_INT_CONVERSION = YES;
				CLANG_WARN_NON_LITERAL_NULL_CONVERSION = YES;
				CLANG_WARN_OBJC_IMPLICIT_RETAIN_SELF = YES;
				CLANG_WARN_OBJC_LITERAL_CONVERSION = YES;
				CLANG_WARN_OBJC_ROOT_CLASS = YES_ERROR;
				CLANG_WARN_RANGE_LOOP_ANALYSIS = YES;
				CLANG_WARN_STRICT_PROTOTYPES = YES;
				CLANG_WARN_SUSPICIOUS_MOVE = YES;
				CLANG_WARN_UNGUARDED_AVAILABILITY = YES_AGGRESSIVE;
				CLANG_WARN_UNREACHABLE_CODE = YES;
				CLANG_WARN__DUPLICATE_METHOD_MATCH = YES;
				COPY_PHASE_STRIP = NO;
				DEBUG_INFORMATION_FORMAT = "dwarf-with-dsym";
				ENABLE_NS_ASSERTIONS = NO;
				ENABLE_STRICT_OBJC_MSGSEND = YES;
				GCC_C_LANGUAGE_STANDARD = gnu11;
				GCC_NO_COMMON_BLOCKS = YES;
				GCC_WARN_64_TO_32_BIT_CONVERSION = YES;
				GCC_WARN_ABOUT_RETURN_TYPE = YES_ERROR;
				GCC_WARN_UNDECLARED_SELECTOR = YES;
				GCC_WARN_UNINITIALIZED_AUTOS = YES_AGGRESSIVE;
				GCC_WARN_UNUSED_FUNCTION = YES;
				GCC_WARN_UNUSED_VARIABLE = YES;
				IPHONEOS_DEPLOYMENT_TARGET = 13.5;
				MTL_ENABLE_DEBUG_INFO = NO;
				MTL_FAST_MATH = YES;
				SDKROOT = iphoneos;
				SWIFT_COMPILATION_MODE = wholemodule;
				SWIFT_OPTIMIZATION_LEVEL = "-O";
				VALIDATE_PRODUCT = YES;
			};
			name = Release;
		};
		34ED60C024AA54EA00FCA62C /* Debug */ = {
			isa = XCBuildConfiguration;
			buildSettings = {
				ASSETCATALOG_COMPILER_APPICON_NAME = AppIcon;
				CODE_SIGN_STYLE = Automatic;
				INFOPLIST_FILE = "I Am Rich/Info.plist";
				LD_RUNPATH_SEARCH_PATHS = (
					"$(inherited)",
					"@executable_path/Frameworks",
				);
				PRODUCT_BUNDLE_IDENTIFIER = "zhoudoris13.I-Am-Rich";
				PRODUCT_NAME = "$(TARGET_NAME)";
				SWIFT_VERSION = 5.0;
				TARGETED_DEVICE_FAMILY = "1,2";
			};
			name = Debug;
		};
		34ED60C124AA54EA00FCA62C /* Release */ = {
			isa = XCBuildConfiguration;
			buildSettings = {
				ASSETCATALOG_COMPILER_APPICON_NAME = AppIcon;
				CODE_SIGN_STYLE = Automatic;
				INFOPLIST_FILE = "I Am Rich/Info.plist";
				LD_RUNPATH_SEARCH_PATHS = (
					"$(inherited)",
					"@executable_path/Frameworks",
				);
				PRODUCT_BUNDLE_IDENTIFIER = "zhoudoris13.I-Am-Rich";
				PRODUCT_NAME = "$(TARGET_NAME)";
				SWIFT_VERSION = 5.0;
				TARGETED_DEVICE_FAMILY = "1,2";
			};
			name = Release;
		};
		34ED60C324AA54EA00FCA62C /* Debug */ = {
			isa = XCBuildConfiguration;
			buildSettings = {
				ALWAYS_EMBED_SWIFT_STANDARD_LIBRARIES = YES;
				BUNDLE_LOADER = "$(TEST_HOST)";
				CODE_SIGN_STYLE = Automatic;
				INFOPLIST_FILE = "I Am RichTests/Info.plist";
				IPHONEOS_DEPLOYMENT_TARGET = 13.5;
				LD_RUNPATH_SEARCH_PATHS = (
					"$(inherited)",
					"@executable_path/Frameworks",
					"@loader_path/Frameworks",
				);
				PRODUCT_BUNDLE_IDENTIFIER = "zhoudoris13.I-Am-RichTests";
				PRODUCT_NAME = "$(TARGET_NAME)";
				SWIFT_VERSION = 5.0;
				TARGETED_DEVICE_FAMILY = "1,2";
				TEST_HOST = "$(BUILT_PRODUCTS_DIR)/I Am Rich.app/I Am Rich";
			};
			name = Debug;
		};
		34ED60C424AA54EA00FCA62C /* Release */ = {
			isa = XCBuildConfiguration;
			buildSettings = {
				ALWAYS_EMBED_SWIFT_STANDARD_LIBRARIES = YES;
				BUNDLE_LOADER = "$(TEST_HOST)";
				CODE_SIGN_STYLE = Automatic;
				INFOPLIST_FILE = "I Am RichTests/Info.plist";
				IPHONEOS_DEPLOYMENT_TARGET = 13.5;
				LD_RUNPATH_SEARCH_PATHS = (
					"$(inherited)",
					"@executable_path/Frameworks",
					"@loader_path/Frameworks",
				);
				PRODUCT_BUNDLE_IDENTIFIER = "zhoudoris13.I-Am-RichTests";
				PRODUCT_NAME = "$(TARGET_NAME)";
				SWIFT_VERSION = 5.0;
				TARGETED_DEVICE_FAMILY = "1,2";
				TEST_HOST = "$(BUILT_PRODUCTS_DIR)/I Am Rich.app/I Am Rich";
			};
			name = Release;
		};
		34ED60C624AA54EA00FCA62C /* Debug */ = {
			isa = XCBuildConfiguration;
			buildSettings = {
				ALWAYS_EMBED_SWIFT_STANDARD_LIBRARIES = YES;
				CODE_SIGN_STYLE = Automatic;
				INFOPLIST_FILE = "I Am RichUITests/Info.plist";
				LD_RUNPATH_SEARCH_PATHS = (
					"$(inherited)",
					"@executable_path/Frameworks",
					"@loader_path/Frameworks",
				);
				PRODUCT_BUNDLE_IDENTIFIER = "zhoudoris13.I-Am-RichUITests";
				PRODUCT_NAME = "$(TARGET_NAME)";
				SWIFT_VERSION = 5.0;
				TARGETED_DEVICE_FAMILY = "1,2";
				TEST_TARGET_NAME = "I Am Rich";
			};
			name = Debug;
		};
		34ED60C724AA54EA00FCA62C /* Release */ = {
			isa = XCBuildConfiguration;
			buildSettings = {
				ALWAYS_EMBED_SWIFT_STANDARD_LIBRARIES = YES;
				CODE_SIGN_STYLE = Automatic;
				INFOPLIST_FILE = "I Am RichUITests/Info.plist";
				LD_RUNPATH_SEARCH_PATHS = (
					"$(inherited)",
					"@executable_path/Frameworks",
					"@loader_path/Frameworks",
				);
				PRODUCT_BUNDLE_IDENTIFIER = "zhoudoris13.I-Am-RichUITests";
				PRODUCT_NAME = "$(TARGET_NAME)";
				SWIFT_VERSION = 5.0;
				TARGETED_DEVICE_FAMILY = "1,2";
				TEST_TARGET_NAME = "I Am Rich";
			};
			name = Release;
		};
/* End XCBuildConfiguration section */

/* Begin XCConfigurationList section */
		34ED609024AA54E800FCA62C /* Build configuration list for PBXProject "I Am Rich" */ = {
			isa = XCConfigurationList;
			buildConfigurations = (
				34ED60BD24AA54EA00FCA62C /* Debug */,
				34ED60BE24AA54EA00FCA62C /* Release */,
			);
			defaultConfigurationIsVisible = 0;
			defaultConfigurationName = Release;
		};
		34ED60BF24AA54EA00FCA62C /* Build configuration list for PBXNativeTarget "I Am Rich" */ = {
			isa = XCConfigurationList;
			buildConfigurations = (
				34ED60C024AA54EA00FCA62C /* Debug */,
				34ED60C124AA54EA00FCA62C /* Release */,
			);
			defaultConfigurationIsVisible = 0;
			defaultConfigurationName = Release;
		};
		34ED60C224AA54EA00FCA62C /* Build configuration list for PBXNativeTarget "I Am RichTests" */ = {
			isa = XCConfigurationList;
			buildConfigurations = (
				34ED60C324AA54EA00FCA62C /* Debug */,
				34ED60C424AA54EA00FCA62C /* Release */,
			);
			defaultConfigurationIsVisible = 0;
			defaultConfigurationName = Release;
		};
		34ED60C524AA54EA00FCA62C /* Build configuration list for PBXNativeTarget "I Am RichUITests" */ = {
			isa = XCConfigurationList;
			buildConfigurations = (
				34ED60C624AA54EA00FCA62C /* Debug */,
				34ED60C724AA54EA00FCA62C /* Release */,
			);
			defaultConfigurationIsVisible = 0;
			defaultConfigurationName = Release;
		};
/* End XCConfigurationList section */
	};
	rootObject = 34ED608D24AA54E800FCA62C /* Project object */;
}
