// !$*UTF8*$!
{
	archiveVersion = 1;
	classes = {
	};
	objectVersion = 50;
	objects = {

/* Begin PBXBuildFile section */
		34ED60D524B15D5600FCA62C /* AppDelegate.swift in Sources */ = {isa = PBXBuildFile; fileRef = 34ED60D424B15D5600FCA62C /* AppDelegate.swift */; };
		34ED60D724B15D5600FCA62C /* SceneDelegate.swift in Sources */ = {isa = PBXBuildFile; fileRef = 34ED60D624B15D5600FCA62C /* SceneDelegate.swift */; };
		34ED60D924B15D5600FCA62C /* ViewController.swift in Sources */ = {isa = PBXBuildFile; fileRef = 34ED60D824B15D5600FCA62C /* ViewController.swift */; };
		34ED60DC24B15D5600FCA62C /* Main.storyboard in Resources */ = {isa = PBXBuildFile; fileRef = 34ED60DA24B15D5600FCA62C /* Main.storyboard */; };
		34ED60DE24B15D5700FCA62C /* Assets.xcassets in Resources */ = {isa = PBXBuildFile; fileRef = 34ED60DD24B15D5700FCA62C /* Assets.xcassets */; };
		34ED60E124B15D5700FCA62C /* LaunchScreen.storyboard in Resources */ = {isa = PBXBuildFile; fileRef = 34ED60DF24B15D5700FCA62C /* LaunchScreen.storyboard */; };
		34ED60EC24B15D5700FCA62C /* I_Am_PoorTests.swift in Sources */ = {isa = PBXBuildFile; fileRef = 34ED60EB24B15D5700FCA62C /* I_Am_PoorTests.swift */; };
		34ED60F724B15D5700FCA62C /* I_Am_PoorUITests.swift in Sources */ = {isa = PBXBuildFile; fileRef = 34ED60F624B15D5700FCA62C /* I_Am_PoorUITests.swift */; };
/* End PBXBuildFile section */

/* Begin PBXContainerItemProxy section */
		34ED60E824B15D5700FCA62C /* PBXContainerItemProxy */ = {
			isa = PBXContainerItemProxy;
			containerPortal = 34ED60C924B15D5600FCA62C /* Project object */;
			proxyType = 1;
			remoteGlobalIDString = 34ED60D024B15D5600FCA62C;
			remoteInfo = "I Am Poor";
		};
		34ED60F324B15D5700FCA62C /* PBXContainerItemProxy */ = {
			isa = PBXContainerItemProxy;
			containerPortal = 34ED60C924B15D5600FCA62C /* Project object */;
			proxyType = 1;
			remoteGlobalIDString = 34ED60D024B15D5600FCA62C;
			remoteInfo = "I Am Poor";
		};
/* End PBXContainerItemProxy section */

/* Begin PBXFileReference section */
		34ED60D124B15D5600FCA62C /* I Am Poor.app */ = {isa = PBXFileReference; explicitFileType = wrapper.application; includeInIndex = 0; path = "I Am Poor.app"; sourceTree = BUILT_PRODUCTS_DIR; };
		34ED60D424B15D5600FCA62C /* AppDelegate.swift */ = {isa = PBXFileReference; lastKnownFileType = sourcecode.swift; path = AppDelegate.swift; sourceTree = "<group>"; };
		34ED60D624B15D5600FCA62C /* SceneDelegate.swift */ = {isa = PBXFileReference; lastKnownFileType = sourcecode.swift; path = SceneDelegate.swift; sourceTree = "<group>"; };
		34ED60D824B15D5600FCA62C /* ViewController.swift */ = {isa = PBXFileReference; lastKnownFileType = sourcecode.swift; path = ViewController.swift; sourceTree = "<group>"; };
		34ED60DB24B15D5600FCA62C /* Base */ = {isa = PBXFileReference; lastKnownFileType = file.storyboard; name = Base; path = Base.lproj/Main.storyboard; sourceTree = "<group>"; };
		34ED60DD24B15D5700FCA62C /* Assets.xcassets */ = {isa = PBXFileReference; lastKnownFileType = folder.assetcatalog; path = Assets.xcassets; sourceTree = "<group>"; };
		34ED60E024B15D5700FCA62C /* Base */ = {isa = PBXFileReference; lastKnownFileType = file.storyboard; name = Base; path = Base.lproj/LaunchScreen.storyboard; sourceTree = "<group>"; };
		34ED60E224B15D5700FCA62C /* Info.plist */ = {isa = PBXFileReference; lastKnownFileType = text.plist.xml; path = Info.plist; sourceTree = "<group>"; };
		34ED60E724B15D5700FCA62C /* I Am PoorTests.xctest */ = {isa = PBXFileReference; explicitFileType = wrapper.cfbundle; includeInIndex = 0; path = "I Am PoorTests.xctest"; sourceTree = BUILT_PRODUCTS_DIR; };
		34ED60EB24B15D5700FCA62C /* I_Am_PoorTests.swift */ = {isa = PBXFileReference; lastKnownFileType = sourcecode.swift; path = I_Am_PoorTests.swift; sourceTree = "<group>"; };
		34ED60ED24B15D5700FCA62C /* Info.plist */ = {isa = PBXFileReference; lastKnownFileType = text.plist.xml; path = Info.plist; sourceTree = "<group>"; };
		34ED60F224B15D5700FCA62C /* I Am PoorUITests.xctest */ = {isa = PBXFileReference; explicitFileType = wrapper.cfbundle; includeInIndex = 0; path = "I Am PoorUITests.xctest"; sourceTree = BUILT_PRODUCTS_DIR; };
		34ED60F624B15D5700FCA62C /* I_Am_PoorUITests.swift */ = {isa = PBXFileReference; lastKnownFileType = sourcecode.swift; path = I_Am_PoorUITests.swift; sourceTree = "<group>"; };
		34ED60F824B15D5700FCA62C /* Info.plist */ = {isa = PBXFileReference; lastKnownFileType = text.plist.xml; path = Info.plist; sourceTree = "<group>"; };
/* End PBXFileReference section */

/* Begin PBXFrameworksBuildPhase section */
		34ED60CE24B15D5600FCA62C /* Frameworks */ = {
			isa = PBXFrameworksBuildPhase;
			buildActionMask = 2147483647;
			files = (
			);
			runOnlyForDeploymentPostprocessing = 0;
		};
		34ED60E424B15D5700FCA62C /* Frameworks */ = {
			isa = PBXFrameworksBuildPhase;
			buildActionMask = 2147483647;
			files = (
			);
			runOnlyForDeploymentPostprocessing = 0;
		};
		34ED60EF24B15D5700FCA62C /* Frameworks */ = {
			isa = PBXFrameworksBuildPhase;
			buildActionMask = 2147483647;
			files = (
			);
			runOnlyForDeploymentPostprocessing = 0;
		};
/* End PBXFrameworksBuildPhase section */

/* Begin PBXGroup section */
		34ED60C824B15D5600FCA62C = {
			isa = PBXGroup;
			children = (
				34ED60D324B15D5600FCA62C /* I Am Poor */,
				34ED60EA24B15D5700FCA62C /* I Am PoorTests */,
				34ED60F524B15D5700FCA62C /* I Am PoorUITests */,
				34ED60D224B15D5600FCA62C /* Products */,
			);
			sourceTree = "<group>";
		};
		34ED60D224B15D5600FCA62C /* Products */ = {
			isa = PBXGroup;
			children = (
				34ED60D124B15D5600FCA62C /* I Am Poor.app */,
				34ED60E724B15D5700FCA62C /* I Am PoorTests.xctest */,
				34ED60F224B15D5700FCA62C /* I Am PoorUITests.xctest */,
			);
			name = Products;
			sourceTree = "<group>";
		};
		34ED60D324B15D5600FCA62C /* I Am Poor */ = {
			isa = PBXGroup;
			children = (
				34ED60D424B15D5600FCA62C /* AppDelegate.swift */,
				34ED60D624B15D5600FCA62C /* SceneDelegate.swift */,
				34ED60D824B15D5600FCA62C /* ViewController.swift */,
				34ED60DA24B15D5600FCA62C /* Main.storyboard */,
				34ED60DD24B15D5700FCA62C /* Assets.xcassets */,
				34ED60DF24B15D5700FCA62C /* LaunchScreen.storyboard */,
				34ED60E224B15D5700FCA62C /* Info.plist */,
			);
			path = "I Am Poor";
			sourceTree = "<group>";
		};
		34ED60EA24B15D5700FCA62C /* I Am PoorTests */ = {
			isa = PBXGroup;
			children = (
				34ED60EB24B15D5700FCA62C /* I_Am_PoorTests.swift */,
				34ED60ED24B15D5700FCA62C /* Info.plist */,
			);
			path = "I Am PoorTests";
			sourceTree = "<group>";
		};
		34ED60F524B15D5700FCA62C /* I Am PoorUITests */ = {
			isa = PBXGroup;
			children = (
				34ED60F624B15D5700FCA62C /* I_Am_PoorUITests.swift */,
				34ED60F824B15D5700FCA62C /* Info.plist */,
			);
			path = "I Am PoorUITests";
			sourceTree = "<group>";
		};
/* End PBXGroup section */

/* Begin PBXNativeTarget section */
		34ED60D024B15D5600FCA62C /* I Am Poor */ = {
			isa = PBXNativeTarget;
			buildConfigurationList = 34ED60FB24B15D5700FCA62C /* Build configuration list for PBXNativeTarget "I Am Poor" */;
			buildPhases = (
				34ED60CD24B15D5600FCA62C /* Sources */,
				34ED60CE24B15D5600FCA62C /* Frameworks */,
				34ED60CF24B15D5600FCA62C /* Resources */,
			);
			buildRules = (
			);
			dependencies = (
			);
			name = "I Am Poor";
			productName = "I Am Poor";
			productReference = 34ED60D124B15D5600FCA62C /* I Am Poor.app */;
			productType = "com.apple.product-type.application";
		};
		34ED60E624B15D5700FCA62C /* I Am PoorTests */ = {
			isa = PBXNativeTarget;
			buildConfigurationList = 34ED60FE24B15D5700FCA62C /* Build configuration list for PBXNativeTarget "I Am PoorTests" */;
			buildPhases = (
				34ED60E324B15D5700FCA62C /* Sources */,
				34ED60E424B15D5700FCA62C /* Frameworks */,
				34ED60E524B15D5700FCA62C /* Resources */,
			);
			buildRules = (
			);
			dependencies = (
				34ED60E924B15D5700FCA62C /* PBXTargetDependency */,
			);
			name = "I Am PoorTests";
			productName = "I Am PoorTests";
			productReference = 34ED60E724B15D5700FCA62C /* I Am PoorTests.xctest */;
			productType = "com.apple.product-type.bundle.unit-test";
		};
		34ED60F124B15D5700FCA62C /* I Am PoorUITests */ = {
			isa = PBXNativeTarget;
			buildConfigurationList = 34ED610124B15D5700FCA62C /* Build configuration list for PBXNativeTarget "I Am PoorUITests" */;
			buildPhases = (
				34ED60EE24B15D5700FCA62C /* Sources */,
				34ED60EF24B15D5700FCA62C /* Frameworks */,
				34ED60F024B15D5700FCA62C /* Resources */,
			);
			buildRules = (
			);
			dependencies = (
				34ED60F424B15D5700FCA62C /* PBXTargetDependency */,
			);
			name = "I Am PoorUITests";
			productName = "I Am PoorUITests";
			productReference = 34ED60F224B15D5700FCA62C /* I Am PoorUITests.xctest */;
			productType = "com.apple.product-type.bundle.ui-testing";
		};
/* End PBXNativeTarget section */

/* Begin PBXProject section */
		34ED60C924B15D5600FCA62C /* Project object */ = {
			isa = PBXProject;
			attributes = {
				LastSwiftUpdateCheck = 1150;
				LastUpgradeCheck = 1150;
				ORGANIZATIONNAME = "Doris Zhou";
				TargetAttributes = {
					34ED60D024B15D5600FCA62C = {
						CreatedOnToolsVersion = 11.5;
					};
					34ED60E624B15D5700FCA62C = {
						CreatedOnToolsVersion = 11.5;
						TestTargetID = 34ED60D024B15D5600FCA62C;
					};
					34ED60F124B15D5700FCA62C = {
						CreatedOnToolsVersion = 11.5;
						TestTargetID = 34ED60D024B15D5600FCA62C;
					};
				};
			};
			buildConfigurationList = 34ED60CC24B15D5600FCA62C /* Build configuration list for PBXProject "I Am Poor" */;
			compatibilityVersion = "Xcode 9.3";
			developmentRegion = en;
			hasScannedForEncodings = 0;
			knownRegions = (
				en,
				Base,
			);
			mainGroup = 34ED60C824B15D5600FCA62C;
			productRefGroup = 34ED60D224B15D5600FCA62C /* Products */;
			projectDirPath = "";
			projectRoot = "";
			targets = (
				34ED60D024B15D5600FCA62C /* I Am Poor */,
				34ED60E624B15D5700FCA62C /* I Am PoorTests */,
				34ED60F124B15D5700FCA62C /* I Am PoorUITests */,
			);
		};
/* End PBXProject section */

/* Begin PBXResourcesBuildPhase section */
		34ED60CF24B15D5600FCA62C /* Resources */ = {
			isa = PBXResourcesBuildPhase;
			buildActionMask = 2147483647;
			files = (
				34ED60E124B15D5700FCA62C /* LaunchScreen.storyboard in Resources */,
				34ED60DE24B15D5700FCA62C /* Assets.xcassets in Resources */,
				34ED60DC24B15D5600FCA62C /* Main.storyboard in Resources */,
			);
			runOnlyForDeploymentPostprocessing = 0;
		};
		34ED60E524B15D5700FCA62C /* Resources */ = {
			isa = PBXResourcesBuildPhase;
			buildActionMask = 2147483647;
			files = (
			);
			runOnlyForDeploymentPostprocessing = 0;
		};
		34ED60F024B15D5700FCA62C /* Resources */ = {
			isa = PBXResourcesBuildPhase;
			buildActionMask = 2147483647;
			files = (
			);
			runOnlyForDeploymentPostprocessing = 0;
		};
/* End PBXResourcesBuildPhase section */

/* Begin PBXSourcesBuildPhase section */
		34ED60CD24B15D5600FCA62C /* Sources */ = {
			isa = PBXSourcesBuildPhase;
			buildActionMask = 2147483647;
			files = (
				34ED60D924B15D5600FCA62C /* ViewController.swift in Sources */,
				34ED60D524B15D5600FCA62C /* AppDelegate.swift in Sources */,
				34ED60D724B15D5600FCA62C /* SceneDelegate.swift in Sources */,
			);
			runOnlyForDeploymentPostprocessing = 0;
		};
		34ED60E324B15D5700FCA62C /* Sources */ = {
			isa = PBXSourcesBuildPhase;
			buildActionMask = 2147483647;
			files = (
				34ED60EC24B15D5700FCA62C /* I_Am_PoorTests.swift in Sources */,
			);
			runOnlyForDeploymentPostprocessing = 0;
		};
		34ED60EE24B15D5700FCA62C /* Sources */ = {
			isa = PBXSourcesBuildPhase;
			buildActionMask = 2147483647;
			files = (
				34ED60F724B15D5700FCA62C /* I_Am_PoorUITests.swift in Sources */,
			);
			runOnlyForDeploymentPostprocessing = 0;
		};
/* End PBXSourcesBuildPhase section */

/* Begin PBXTargetDependency section */
		34ED60E924B15D5700FCA62C /* PBXTargetDependency */ = {
			isa = PBXTargetDependency;
			target = 34ED60D024B15D5600FCA62C /* I Am Poor */;
			targetProxy = 34ED60E824B15D5700FCA62C /* PBXContainerItemProxy */;
		};
		34ED60F424B15D5700FCA62C /* PBXTargetDependency */ = {
			isa = PBXTargetDependency;
			target = 34ED60D024B15D5600FCA62C /* I Am Poor */;
			targetProxy = 34ED60F324B15D5700FCA62C /* PBXContainerItemProxy */;
		};
/* End PBXTargetDependency section */

/* Begin PBXVariantGroup section */
		34ED60DA24B15D5600FCA62C /* Main.storyboard */ = {
			isa = PBXVariantGroup;
			children = (
				34ED60DB24B15D5600FCA62C /* Base */,
			);
			name = Main.storyboard;
			sourceTree = "<group>";
		};
		34ED60DF24B15D5700FCA62C /* LaunchScreen.storyboard */ = {
			isa = PBXVariantGroup;
			children = (
				34ED60E024B15D5700FCA62C /* Base */,
			);
			name = LaunchScreen.storyboard;
			sourceTree = "<group>";
		};
/* End PBXVariantGroup section */

/* Begin XCBuildConfiguration section */
		34ED60F924B15D5700FCA62C /* Debug */ = {
			isa = XCBuildConfiguration;
			buildSettings = {
				ALWAYS_SEARCH_USER_PATHS = NO;
				CLANG_ANALYZER_NONNULL = YES;
				CLANG_ANALYZER_NUMBER_OBJECT_CONVERSION = YES_AGGRESSIVE;
				CLANG_CXX_LANGUAGE_STANDARD = "gnu++14";
				CLANG_CXX_LIBRARY = "libc++";
				CLANG_ENABLE_MODULES = YES;
				CLANG_ENABLE_OBJC_ARC = YES;
				CLANG_ENABLE_OBJC_WEAK = YES;
				CLANG_WARN_BLOCK_CAPTURE_AUTORELEASING = YES;
				CLANG_WARN_BOOL_CONVERSION = YES;
				CLANG_WARN_COMMA = YES;
				CLANG_WARN_CONSTANT_CONVERSION = YES;
				CLANG_WARN_DEPRECATED_OBJC_IMPLEMENTATIONS = YES;
				CLANG_WARN_DIRECT_OBJC_ISA_USAGE = YES_ERROR;
				CLANG_WARN_DOCUMENTATION_COMMENTS = YES;
				CLANG_WARN_EMPTY_BODY = YES;
				CLANG_WARN_ENUM_CONVERSION = YES;
				CLANG_WARN_INFINITE_RECURSION = YES;
				CLANG_WARN_INT_CONVERSION = YES;
				CLANG_WARN_NON_LITERAL_NULL_CONVERSION = YES;
				CLANG_WARN_OBJC_IMPLICIT_RETAIN_SELF = YES;
				CLANG_WARN_OBJC_LITERAL_CONVERSION = YES;
				CLANG_WARN_OBJC_ROOT_CLASS = YES_ERROR;
				CLANG_WARN_RANGE_LOOP_ANALYSIS = YES;
				CLANG_WARN_STRICT_PROTOTYPES = YES;
				CLANG_WARN_SUSPICIOUS_MOVE = YES;
				CLANG_WARN_UNGUARDED_AVAILABILITY = YES_AGGRESSIVE;
				CLANG_WARN_UNREACHABLE_CODE = YES;
				CLANG_WARN__DUPLICATE_METHOD_MATCH = YES;
				COPY_PHASE_STRIP = NO;
				DEBUG_INFORMATION_FORMAT = dwarf;
				ENABLE_STRICT_OBJC_MSGSEND = YES;
				ENABLE_TESTABILITY = YES;
				GCC_C_LANGUAGE_STANDARD = gnu11;
				GCC_DYNAMIC_NO_PIC = NO;
				GCC_NO_COMMON_BLOCKS = YES;
				GCC_OPTIMIZATION_LEVEL = 0;
				GCC_PREPROCESSOR_DEFINITIONS = (
					"DEBUG=1",
					"$(inherited)",
				);
				GCC_WARN_64_TO_32_BIT_CONVERSION = YES;
				GCC_WARN_ABOUT_RETURN_TYPE = YES_ERROR;
				GCC_WARN_UNDECLARED_SELECTOR = YES;
				GCC_WARN_UNINITIALIZED_AUTOS = YES_AGGRESSIVE;
				GCC_WARN_UNUSED_FUNCTION = YES;
				GCC_WARN_UNUSED_VARIABLE = YES;
				IPHONEOS_DEPLOYMENT_TARGET = 13.5;
				MTL_ENABLE_DEBUG_INFO = INCLUDE_SOURCE;
				MTL_FAST_MATH = YES;
				ONLY_ACTIVE_ARCH = YES;
				SDKROOT = iphoneos;
				SWIFT_ACTIVE_COMPILATION_CONDITIONS = DEBUG;
				SWIFT_OPTIMIZATION_LEVEL = "-Onone";
			};
			name = Debug;
		};
		34ED60FA24B15D5700FCA62C /* Release */ = {
			isa = XCBuildConfiguration;
			buildSettings = {
				ALWAYS_SEARCH_USER_PATHS = NO;
				CLANG_ANALYZER_NONNULL = YES;
				CLANG_ANALYZER_NUMBER_OBJECT_CONVERSION = YES_AGGRESSIVE;
				CLANG_CXX_LANGUAGE_STANDARD = "gnu++14";
				CLANG_CXX_LIBRARY = "libc++";
				CLANG_ENABLE_MODULES = YES;
				CLANG_ENABLE_OBJC_ARC = YES;
				CLANG_ENABLE_OBJC_WEAK = YES;
				CLANG_WARN_BLOCK_CAPTURE_AUTORELEASING = YES;
				CLANG_WARN_BOOL_CONVERSION = YES;
				CLANG_WARN_COMMA = YES;
				CLANG_WARN_CONSTANT_CONVERSION = YES;
				CLANG_WARN_DEPRECATED_OBJC_IMPLEMENTATIONS = YES;
				CLANG_WARN_DIRECT_OBJC_ISA_USAGE = YES_ERROR;
				CLANG_WARN_DOCUMENTATION_COMMENTS = YES;
				CLANG_WARN_EMPTY_BODY = YES;
				CLANG_WARN_ENUM_CONVERSION = YES;
				CLANG_WARN_INFINITE_RECURSION = YES;
				CLANG_WARN_INT_CONVERSION = YES;
				CLANG_WARN_NON_LITERAL_NULL_CONVERSION = YES;
				CLANG_WARN_OBJC_IMPLICIT_RETAIN_SELF = YES;
				CLANG_WARN_OBJC_LITERAL_CONVERSION = YES;
				CLANG_WARN_OBJC_ROOT_CLASS = YES_ERROR;
				CLANG_WARN_RANGE_LOOP_ANALYSIS = YES;
				CLANG_WARN_STRICT_PROTOTYPES = YES;
				CLANG_WARN_SUSPICIOUS_MOVE = YES;
				CLANG_WARN_UNGUARDED_AVAILABILITY = YES_AGGRESSIVE;
				CLANG_WARN_UNREACHABLE_CODE = YES;
				CLANG_WARN__DUPLICATE_METHOD_MATCH = YES;
				COPY_PHASE_STRIP = NO;
				DEBUG_INFORMATION_FORMAT = "dwarf-with-dsym";
				ENABLE_NS_ASSERTIONS = NO;
				ENABLE_STRICT_OBJC_MSGSEND = YES;
				GCC_C_LANGUAGE_STANDARD = gnu11;
				GCC_NO_COMMON_BLOCKS = YES;
				GCC_WARN_64_TO_32_BIT_CONVERSION = YES;
				GCC_WARN_ABOUT_RETURN_TYPE = YES_ERROR;
				GCC_WARN_UNDECLARED_SELECTOR = YES;
				GCC_WARN_UNINITIALIZED_AUTOS = YES_AGGRESSIVE;
				GCC_WARN_UNUSED_FUNCTION = YES;
				GCC_WARN_UNUSED_VARIABLE = YES;
				IPHONEOS_DEPLOYMENT_TARGET = 13.5;
				MTL_ENABLE_DEBUG_INFO = NO;
				MTL_FAST_MATH = YES;
				SDKROOT = iphoneos;
				SWIFT_COMPILATION_MODE = wholemodule;
				SWIFT_OPTIMIZATION_LEVEL = "-O";
				VALIDATE_PRODUCT = YES;
			};
			name = Release;
		};
		34ED60FC24B15D5700FCA62C /* Debug */ = {
			isa = XCBuildConfiguration;
			buildSettings = {
				ASSETCATALOG_COMPILER_APPICON_NAME = AppIcon;
				CODE_SIGN_STYLE = Automatic;
				INFOPLIST_FILE = "I Am Poor/Info.plist";
				LD_RUNPATH_SEARCH_PATHS = (
					"$(inherited)",
					"@executable_path/Frameworks",
				);
				PRODUCT_BUNDLE_IDENTIFIER = "zhoudoris13.I-Am-Poor";
				PRODUCT_NAME = "$(TARGET_NAME)";
				SWIFT_VERSION = 5.0;
				TARGETED_DEVICE_FAMILY = "1,2";
			};
			name = Debug;
		};
		34ED60FD24B15D5700FCA62C /* Release */ = {
			isa = XCBuildConfiguration;
			buildSettings = {
				ASSETCATALOG_COMPILER_APPICON_NAME = AppIcon;
				CODE_SIGN_STYLE = Automatic;
				INFOPLIST_FILE = "I Am Poor/Info.plist";
				LD_RUNPATH_SEARCH_PATHS = (
					"$(inherited)",
					"@executable_path/Frameworks",
				);
				PRODUCT_BUNDLE_IDENTIFIER = "zhoudoris13.I-Am-Poor";
				PRODUCT_NAME = "$(TARGET_NAME)";
				SWIFT_VERSION = 5.0;
				TARGETED_DEVICE_FAMILY = "1,2";
			};
			name = Release;
		};
		34ED60FF24B15D5700FCA62C /* Debug */ = {
			isa = XCBuildConfiguration;
			buildSettings = {
				ALWAYS_EMBED_SWIFT_STANDARD_LIBRARIES = YES;
				BUNDLE_LOADER = "$(TEST_HOST)";
				CODE_SIGN_STYLE = Automatic;
				INFOPLIST_FILE = "I Am PoorTests/Info.plist";
				IPHONEOS_DEPLOYMENT_TARGET = 13.5;
				LD_RUNPATH_SEARCH_PATHS = (
					"$(inherited)",
					"@executable_path/Frameworks",
					"@loader_path/Frameworks",
				);
				PRODUCT_BUNDLE_IDENTIFIER = "zhoudoris13.I-Am-PoorTests";
				PRODUCT_NAME = "$(TARGET_NAME)";
				SWIFT_VERSION = 5.0;
				TARGETED_DEVICE_FAMILY = "1,2";
				TEST_HOST = "$(BUILT_PRODUCTS_DIR)/I Am Poor.app/I Am Poor";
			};
			name = Debug;
		};
		34ED610024B15D5700FCA62C /* Release */ = {
			isa = XCBuildConfiguration;
			buildSettings = {
				ALWAYS_EMBED_SWIFT_STANDARD_LIBRARIES = YES;
				BUNDLE_LOADER = "$(TEST_HOST)";
				CODE_SIGN_STYLE = Automatic;
				INFOPLIST_FILE = "I Am PoorTests/Info.plist";
				IPHONEOS_DEPLOYMENT_TARGET = 13.5;
				LD_RUNPATH_SEARCH_PATHS = (
					"$(inherited)",
					"@executable_path/Frameworks",
					"@loader_path/Frameworks",
				);
				PRODUCT_BUNDLE_IDENTIFIER = "zhoudoris13.I-Am-PoorTests";
				PRODUCT_NAME = "$(TARGET_NAME)";
				SWIFT_VERSION = 5.0;
				TARGETED_DEVICE_FAMILY = "1,2";
				TEST_HOST = "$(BUILT_PRODUCTS_DIR)/I Am Poor.app/I Am Poor";
			};
			name = Release;
		};
		34ED610224B15D5700FCA62C /* Debug */ = {
			isa = XCBuildConfiguration;
			buildSettings = {
				ALWAYS_EMBED_SWIFT_STANDARD_LIBRARIES = YES;
				CODE_SIGN_STYLE = Automatic;
				INFOPLIST_FILE = "I Am PoorUITests/Info.plist";
				LD_RUNPATH_SEARCH_PATHS = (
					"$(inherited)",
					"@executable_path/Frameworks",
					"@loader_path/Frameworks",
				);
				PRODUCT_BUNDLE_IDENTIFIER = "zhoudoris13.I-Am-PoorUITests";
				PRODUCT_NAME = "$(TARGET_NAME)";
				SWIFT_VERSION = 5.0;
				TARGETED_DEVICE_FAMILY = "1,2";
				TEST_TARGET_NAME = "I Am Poor";
			};
			name = Debug;
		};
		34ED610324B15D5700FCA62C /* Release */ = {
			isa = XCBuildConfiguration;
			buildSettings = {
				ALWAYS_EMBED_SWIFT_STANDARD_LIBRARIES = YES;
				CODE_SIGN_STYLE = Automatic;
				INFOPLIST_FILE = "I Am PoorUITests/Info.plist";
				LD_RUNPATH_SEARCH_PATHS = (
					"$(inherited)",
					"@executable_path/Frameworks",
					"@loader_path/Frameworks",
				);
				PRODUCT_BUNDLE_IDENTIFIER = "zhoudoris13.I-Am-PoorUITests";
				PRODUCT_NAME = "$(TARGET_NAME)";
				SWIFT_VERSION = 5.0;
				TARGETED_DEVICE_FAMILY = "1,2";
				TEST_TARGET_NAME = "I Am Poor";
			};
			name = Release;
		};
/* End XCBuildConfiguration section */

/* Begin XCConfigurationList section */
		34ED60CC24B15D5600FCA62C /* Build configuration list for PBXProject "I Am Poor" */ = {
			isa = XCConfigurationList;
			buildConfigurations = (
				34ED60F924B15D5700FCA62C /* Debug */,
				34ED60FA24B15D5700FCA62C /* Release */,
			);
			defaultConfigurationIsVisible = 0;
			defaultConfigurationName = Release;
		};
		34ED60FB24B15D5700FCA62C /* Build configuration list for PBXNativeTarget "I Am Poor" */ = {
			isa = XCConfigurationList;
			buildConfigurations = (
				34ED60FC24B15D5700FCA62C /* Debug */,
				34ED60FD24B15D5700FCA62C /* Release */,
			);
			defaultConfigurationIsVisible = 0;
			defaultConfigurationName = Release;
		};
		34ED60FE24B15D5700FCA62C /* Build configuration list for PBXNativeTarget "I Am PoorTests" */ = {
			isa = XCConfigurationList;
			buildConfigurations = (
				34ED60FF24B15D5700FCA62C /* Debug */,
				34ED610024B15D5700FCA62C /* Release */,
			);
			defaultConfigurationIsVisible = 0;
			defaultConfigurationName = Release;
		};
		34ED610124B15D5700FCA62C /* Build configuration list for PBXNativeTarget "I Am PoorUITests" */ = {
			isa = XCConfigurationList;
			buildConfigurations = (
				34ED610224B15D5700FCA62C /* Debug */,
				34ED610324B15D5700FCA62C /* Release */,
			);
			defaultConfigurationIsVisible = 0;
			defaultConfigurationName = Release;
		};
/* End XCConfigurationList section */
	};
	rootObject = 34ED60C924B15D5600FCA62C /* Project object */;
}
